
Microsoft Visual Studio Solution File, Format Version 12.00
# Visual Studio Version 16
VisualStudioVersion = 16.0.30804.86
MinimumVisualStudioVersion = 10.0.40219.1
Project("{FAE04EC0-301F-11D3-BF4B-00C04F79EFBC}") = "DistanceDrivenCalc", "DistanceDrivenCalc.csproj", "{D4B0C40D-E3D9-48F1-800D-572652427BEE}"
EndProject
Global
	GlobalSection(SolutionConfigurationPlatforms) = preSolution
		Debug|Any CPU = Debug|Any CPU
		Release|Any CPU = Release|Any CPU
	EndGlobalSection
	GlobalSection(ProjectConfigurationPlatforms) = postSolution
		{D4B0C40D-E3D9-48F1-800D-572652427BEE}.Debug|Any CPU.ActiveCfg = Debug|Any CPU
		{D4B0C40D-E3D9-48F1-800D-572652427BEE}.Debug|Any CPU.Build.0 = Debug|Any CPU
		{D4B0C40D-E3D9-48F1-800D-572652427BEE}.Release|Any CPU.ActiveCfg = Release|Any CPU
		{D4B0C40D-E3D9-48F1-800D-572652427BEE}.Release|Any CPU.Build.0 = Release|Any CPU
	EndGlobalSection
	GlobalSection(SolutionProperties) = preSolution
		HideSolutionNode = FALSE
	EndGlobalSection
	GlobalSection(ExtensibilityGlobals) = postSolution
		SolutionGuid = {1572B53F-7B9F-49A7-BDD6-694201014B6C}
	EndGlobalSection
EndGlobal
